{
  "nodes": {
    "flake-utils": {
      "inputs": {
        "systems": "systems"
      },
      "locked": {
        "lastModified": 1689068808,
        "narHash": "sha256-6ixXo3wt24N/melDWjq70UuHQLxGV8jZvooRanIHXw0=",
        "owner": "numtide",
        "repo": "flake-utils",
        "rev": "919d646de7be200f3bf08cb76ae1f09402b6f9b4",
        "type": "github"
      },
      "original": {
        "owner": "numtide",
        "repo": "flake-utils",
        "type": "github"
      }
    },
    "nixpkgs": {
      "locked": {
        "lastModified": 1710917186,
        "narHash": "sha256-rxay+N3twaBK5XR9i6fcrWyedJTjTyawi2t3D6lveuQ=",
        "owner": "NixOS",
        "repo": "nixpkgs",
        "rev": "0b7c7e6dbf02d08e6c0bb3998fe1431e182cbffc",
        "type": "github"
      },
      "original": {
        "owner": "NixOS",
        "repo": "nixpkgs",
        "type": "github"
      }
    },
    "nixpkgs_2": {
      "locked": {
        "lastModified": 1708475490,
        "narHash": "sha256-g1v0TsWBQPX97ziznfJdWhgMyMGtoBFs102xSYO4syU=",
        "owner": "NixOS",
        "repo": "nixpkgs",
        "rev": "0e74ca98a74bc7270d28838369593635a5db3260",
        "type": "github"
      },
      "original": {
        "owner": "NixOS",
        "ref": "nixos-unstable",
        "repo": "nixpkgs",
        "type": "github"
      }
    },
    "root": {
      "inputs": {
        "flake-utils": "flake-utils",
        "nixpkgs": "nixpkgs",
        "tango-controls": "tango-controls"
      }
    },
    "systems": {
      "locked": {
        "lastModified": 1681028828,
        "narHash": "sha256-Vy1rq5AaRuLzOxct8nz4T6wlgyUR7zLU309k9mBC768=",
        "owner": "nix-systems",
        "repo": "default",
        "rev": "da67096a3b9bf56a91d16901293e51ba5b49a27e",
        "type": "github"
      },
      "original": {
        "owner": "nix-systems",
        "repo": "default",
        "type": "github"
      }
    },
    "tango-controls": {
      "inputs": {
        "nixpkgs": "nixpkgs_2"
      },
      "locked": {
        "dirtyRev": "ca2cdfb98f52401a849d02b876e72e0b052aa412-dirty",
        "dirtyShortRev": "ca2cdfb-dirty",
        "lastModified": 1710060115,
        "narHash": "sha256-j0ABYNhWnasGkHMqqTkheTkllCX9+te7DsxHq3Z77sg=",
        "type": "git",
        "url": "file:///home/pmidden/code/tango-flake"
      },
      "original": {
        "type": "git",
        "url": "file:///home/pmidden/code/tango-flake"
      }
    }
  },
  "root": "root",
  "version": 7
}
